<?xml version="1.0" encoding="utf-8"?>
<Project ToolsVersion="4.0" xmlns="http://schemas.microsoft.com/developer/msbuild/2003">
  <ItemGroup>
    <ClCompile Include="bitmap.cpp">
      <Filter>Source Files</Filter>
    </ClCompile>
    <ClCompile Include="entity3d.cpp">
      <Filter>Source Files</Filter>
    </ClCompile>
    <ClCompile Include="GL_ARB_multitexture.cpp">
      <Filter>Source Files</Filter>
    </ClCompile>
    <ClCompile Include="gl_font.cpp">
      <Filter>Source Files</Filter>
    </ClCompile>
    <ClCompile Include="input.cpp">
      <Filter>Source Files</Filter>
    </ClCompile>
    <ClCompile Include="main.cpp">
      <Filter>Source Files</Filter>
    </ClCompile>
    <ClCompile Include="mathlib.cpp">
      <Filter>Source Files</Filter>
    </ClCompile>
    <ClCompile Include="third_person_camera.cpp">
      <Filter>Source Files</Filter>
    </ClCompile>
    <ClCompile Include="WGL_ARB_multisample.cpp">
      <Filter>Source Files</Filter>
    </ClCompile>
  </ItemGroup>
  <ItemGroup>
    <ClInclude Include="bitmap.h">
      <Filter>Include Files</Filter>
    </ClInclude>
    <ClInclude Include="entity3d.h">
      <Filter>Include Files</Filter>
    </ClInclude>
    <ClInclude Include="GL_ARB_multitexture.h">
      <Filter>Include Files</Filter>
    </ClInclude>
    <ClInclude Include="gl_font.h">
      <Filter>Include Files</Filter>
    </ClInclude>
    <ClInclude Include="input.h">
      <Filter>Include Files</Filter>
    </ClInclude>
    <ClInclude Include="mathlib.h">
      <Filter>Include Files</Filter>
    </ClInclude>
    <ClInclude Include="third_person_camera.h">
      <Filter>Include Files</Filter>
    </ClInclude>
    <ClInclude Include="WGL_ARB_multisample.h">
      <Filter>Include Files</Filter>
    </ClInclude>
  </ItemGroup>
  <ItemGroup>
    <None Include="ball_color_map.jpg">
      <Filter>Resource Files\Textures</Filter>
    </None>
    <None Include="floor_color_map.jpg">
      <Filter>Resource Files\Textures</Filter>
    </None>
    <None Include="floor_light_map.jpg">
      <Filter>Resource Files\Textures</Filter>
    </None>
  </ItemGroup>
  <ItemGroup>
    <Filter Include="Include Files">
      <UniqueIdentifier>{aa3092fd-9408-4886-9a4a-3131567ae27f}</UniqueIdentifier>
    </Filter>
    <Filter Include="Source Files">
      <UniqueIdentifier>{c3fa2c3c-71d4-4206-a47c-5b2d33d2e80d}</UniqueIdentifier>
    </Filter>
    <Filter Include="Resource Files">
      <UniqueIdentifier>{38269cbe-730d-4ce6-a062-72cb698e502f}</UniqueIdentifier>
    </Filter>
    <Filter Include="Resource Files\Textures">
      <UniqueIdentifier>{f71069a4-455a-457e-9689-06305da40b5d}</UniqueIdentifier>
    </Filter>
  </ItemGroup>
</Project>