
Microsoft Visual Studio Solution File, Format Version 12.00
# Visual Studio Version 16
VisualStudioVersion = 16.0.30907.101
MinimumVisualStudioVersion = 10.0.40219.1
Project("{8BC9CEB8-8B4A-11D0-8D11-00A0C91BC942}") = "GLCamera1", "GLCamera1\GLCamera1.vcxproj", "{41089370-6955-4D44-8EB7-574078DD4D5C}"
EndProject
Project("{8BC9CEB8-8B4A-11D0-8D11-00A0C91BC942}") = "GLCamera2", "GLCamera2\GLCamera2.vcxproj", "{879B7D4A-2294-4BA0-836A-ED87C8B2E282}"
EndProject
Project("{8BC9CEB8-8B4A-11D0-8D11-00A0C91BC942}") = "GLCamera3", "GLCamera3\GLCamera3.vcxproj", "{E958AD7F-82F1-4FE2-A3A3-BB8F0737E794}"
EndProject
Project("{8BC9CEB8-8B4A-11D0-8D11-00A0C91BC942}") = "GLThirdPersonCamera1", "GLThirdPersonCamera1\GLThirdPersonCamera1.vcxproj", "{495B8AEF-AE69-4DCD-BFD8-F14168C73D51}"
EndProject
Project("{8BC9CEB8-8B4A-11D0-8D11-00A0C91BC942}") = "GLThirdPersonCamera2", "GLThirdPersonCamera2\GLThirdPersonCamera2.vcxproj", "{F144C761-3B7F-4721-8602-F3CBC94E4267}"
EndProject
Project("{8BC9CEB8-8B4A-11D0-8D11-00A0C91BC942}") = "OrbitCamera", "OrbitCamera\OrbitCamera.vcxproj", "{97B457D1-0836-4254-94C2-A4ADA3C9CD98}"
EndProject
Global
	GlobalSection(SolutionConfigurationPlatforms) = preSolution
		Debug|x64 = Debug|x64
		Debug|x86 = Debug|x86
		Release|x64 = Release|x64
		Release|x86 = Release|x86
	EndGlobalSection
	GlobalSection(ProjectConfigurationPlatforms) = postSolution
		{41089370-6955-4D44-8EB7-574078DD4D5C}.Debug|x64.ActiveCfg = Debug|Win32
		{41089370-6955-4D44-8EB7-574078DD4D5C}.Debug|x86.ActiveCfg = Debug|Win32
		{41089370-6955-4D44-8EB7-574078DD4D5C}.Debug|x86.Build.0 = Debug|Win32
		{41089370-6955-4D44-8EB7-574078DD4D5C}.Release|x64.ActiveCfg = Release|Win32
		{41089370-6955-4D44-8EB7-574078DD4D5C}.Release|x86.ActiveCfg = Release|Win32
		{41089370-6955-4D44-8EB7-574078DD4D5C}.Release|x86.Build.0 = Release|Win32
		{879B7D4A-2294-4BA0-836A-ED87C8B2E282}.Debug|x64.ActiveCfg = Debug|Win32
		{879B7D4A-2294-4BA0-836A-ED87C8B2E282}.Debug|x86.ActiveCfg = Debug|Win32
		{879B7D4A-2294-4BA0-836A-ED87C8B2E282}.Debug|x86.Build.0 = Debug|Win32
		{879B7D4A-2294-4BA0-836A-ED87C8B2E282}.Release|x64.ActiveCfg = Release|Win32
		{879B7D4A-2294-4BA0-836A-ED87C8B2E282}.Release|x86.ActiveCfg = Release|Win32
		{879B7D4A-2294-4BA0-836A-ED87C8B2E282}.Release|x86.Build.0 = Release|Win32
		{E958AD7F-82F1-4FE2-A3A3-BB8F0737E794}.Debug|x64.ActiveCfg = Debug|Win32
		{E958AD7F-82F1-4FE2-A3A3-BB8F0737E794}.Debug|x86.ActiveCfg = Debug|Win32
		{E958AD7F-82F1-4FE2-A3A3-BB8F0737E794}.Debug|x86.Build.0 = Debug|Win32
		{E958AD7F-82F1-4FE2-A3A3-BB8F0737E794}.Release|x64.ActiveCfg = Release|Win32
		{E958AD7F-82F1-4FE2-A3A3-BB8F0737E794}.Release|x86.ActiveCfg = Release|Win32
		{E958AD7F-82F1-4FE2-A3A3-BB8F0737E794}.Release|x86.Build.0 = Release|Win32
		{495B8AEF-AE69-4DCD-BFD8-F14168C73D51}.Debug|x64.ActiveCfg = Debug|Win32
		{495B8AEF-AE69-4DCD-BFD8-F14168C73D51}.Debug|x86.ActiveCfg = Debug|Win32
		{495B8AEF-AE69-4DCD-BFD8-F14168C73D51}.Debug|x86.Build.0 = Debug|Win32
		{495B8AEF-AE69-4DCD-BFD8-F14168C73D51}.Release|x64.ActiveCfg = Release|Win32
		{495B8AEF-AE69-4DCD-BFD8-F14168C73D51}.Release|x86.ActiveCfg = Release|Win32
		{495B8AEF-AE69-4DCD-BFD8-F14168C73D51}.Release|x86.Build.0 = Release|Win32
		{F144C761-3B7F-4721-8602-F3CBC94E4267}.Debug|x64.ActiveCfg = Debug|Win32
		{F144C761-3B7F-4721-8602-F3CBC94E4267}.Debug|x86.ActiveCfg = Debug|Win32
		{F144C761-3B7F-4721-8602-F3CBC94E4267}.Debug|x86.Build.0 = Debug|Win32
		{F144C761-3B7F-4721-8602-F3CBC94E4267}.Release|x64.ActiveCfg = Release|Win32
		{F144C761-3B7F-4721-8602-F3CBC94E4267}.Release|x86.ActiveCfg = Release|Win32
		{F144C761-3B7F-4721-8602-F3CBC94E4267}.Release|x86.Build.0 = Release|Win32
		{97B457D1-0836-4254-94C2-A4ADA3C9CD98}.Debug|x64.ActiveCfg = Debug|x64
		{97B457D1-0836-4254-94C2-A4ADA3C9CD98}.Debug|x64.Build.0 = Debug|x64
		{97B457D1-0836-4254-94C2-A4ADA3C9CD98}.Debug|x86.ActiveCfg = Debug|Win32
		{97B457D1-0836-4254-94C2-A4ADA3C9CD98}.Debug|x86.Build.0 = Debug|Win32
		{97B457D1-0836-4254-94C2-A4ADA3C9CD98}.Release|x64.ActiveCfg = Release|x64
		{97B457D1-0836-4254-94C2-A4ADA3C9CD98}.Release|x64.Build.0 = Release|x64
		{97B457D1-0836-4254-94C2-A4ADA3C9CD98}.Release|x86.ActiveCfg = Release|Win32
		{97B457D1-0836-4254-94C2-A4ADA3C9CD98}.Release|x86.Build.0 = Release|Win32
	EndGlobalSection
	GlobalSection(SolutionProperties) = preSolution
		HideSolutionNode = FALSE
	EndGlobalSection
	GlobalSection(ExtensibilityGlobals) = postSolution
		SolutionGuid = {A266E2BE-0F83-40EB-A19A-AE743D00B6BF}
	EndGlobalSection
EndGlobal
